// !$*UTF8*$!
{
	archiveVersion = 1;
	classes = {
	};
	objectVersion = 50;
	objects = {

/* Begin PBXBuildFile section */
		25570DC8219D77480046800E /* SafeAreaConsideringSize.swift in Sources */ = {isa = PBXBuildFile; fileRef = 25570DC7219D77480046800E /* SafeAreaConsideringSize.swift */; };
		2589535B218147AA00A0E67E /* Standard.framework in Frameworks */ = {isa = PBXBuildFile; fileRef = 25895351218147AA00A0E67E /* Standard.framework */; };
		25895360218147AA00A0E67E /* StandardTests.swift in Sources */ = {isa = PBXBuildFile; fileRef = 2589535F218147AA00A0E67E /* StandardTests.swift */; };
		25895362218147AA00A0E67E /* Standard.h in Headers */ = {isa = PBXBuildFile; fileRef = 25895354218147AA00A0E67E /* Standard.h */; settings = {ATTRIBUTES = (Public, ); }; };
		2589536D218147D200A0E67E /* UIView.swift in Sources */ = {isa = PBXBuildFile; fileRef = 2589536C218147D200A0E67E /* UIView.swift */; };
		2589536F218147F700A0E67E /* UIColor+Hex.swift in Sources */ = {isa = PBXBuildFile; fileRef = 2589536E218147F700A0E67E /* UIColor+Hex.swift */; };
		258953712181481900A0E67E /* UIButton.swift in Sources */ = {isa = PBXBuildFile; fileRef = 258953702181481900A0E67E /* UIButton.swift */; };
		258953732181484D00A0E67E /* UIImage.swift in Sources */ = {isa = PBXBuildFile; fileRef = 258953722181484D00A0E67E /* UIImage.swift */; };
		258953752181487D00A0E67E /* UINavigationBar.swift in Sources */ = {isa = PBXBuildFile; fileRef = 258953742181487D00A0E67E /* UINavigationBar.swift */; };
		258953772181489E00A0E67E /* UITabBar.swift in Sources */ = {isa = PBXBuildFile; fileRef = 258953762181489E00A0E67E /* UITabBar.swift */; };
		25895379218148BF00A0E67E /* UITableView.swift in Sources */ = {isa = PBXBuildFile; fileRef = 25895378218148BF00A0E67E /* UITableView.swift */; };
		2589537B218148F100A0E67E /* UITextField.swift in Sources */ = {isa = PBXBuildFile; fileRef = 2589537A218148F100A0E67E /* UITextField.swift */; };
		2589537E2181491800A0E67E /* Alert.swift in Sources */ = {isa = PBXBuildFile; fileRef = 2589537D2181491800A0E67E /* Alert.swift */; };
		2589538121814B5200A0E67E /* Debuggable.swift in Sources */ = {isa = PBXBuildFile; fileRef = 2589538021814B5200A0E67E /* Debuggable.swift */; };
		25C418B121B6E5F300F5D860 /* Bundle.swift in Sources */ = {isa = PBXBuildFile; fileRef = 25C418B021B6E5F300F5D860 /* Bundle.swift */; };
		25C418B321B6E60800F5D860 /* Standard.swift in Sources */ = {isa = PBXBuildFile; fileRef = 25C418B221B6E60800F5D860 /* Standard.swift */; };
		25C9974D218C599E00AD565F /* Logger.swift in Sources */ = {isa = PBXBuildFile; fileRef = 25C9974C218C599E00AD565F /* Logger.swift */; };
		25C9974F218C59CC00AD565F /* DebugDialog.swift in Sources */ = {isa = PBXBuildFile; fileRef = 25C9974E218C59CC00AD565F /* DebugDialog.swift */; };
		25F1EFDC219A9DD600687C37 /* Screen.swift in Sources */ = {isa = PBXBuildFile; fileRef = 25F1EFDB219A9DD600687C37 /* Screen.swift */; };
		25F1EFDE219AA3E500687C37 /* UIViewController.swift in Sources */ = {isa = PBXBuildFile; fileRef = 25F1EFDD219AA3E500687C37 /* UIViewController.swift */; };
/* End PBXBuildFile section */

/* Begin PBXContainerItemProxy section */
		2589535C218147AA00A0E67E /* PBXContainerItemProxy */ = {
			isa = PBXContainerItemProxy;
			containerPortal = 25895348218147AA00A0E67E /* Project object */;
			proxyType = 1;
			remoteGlobalIDString = 25895350218147AA00A0E67E;
			remoteInfo = Coeur;
		};
/* End PBXContainerItemProxy section */

/* Begin PBXFileReference section */
		25570DC7219D77480046800E /* SafeAreaConsideringSize.swift */ = {isa = PBXFileReference; lastKnownFileType = sourcecode.swift; path = SafeAreaConsideringSize.swift; sourceTree = "<group>"; };
		25895351218147AA00A0E67E /* Standard.framework */ = {isa = PBXFileReference; explicitFileType = wrapper.framework; includeInIndex = 0; path = Standard.framework; sourceTree = BUILT_PRODUCTS_DIR; };
		25895354218147AA00A0E67E /* Standard.h */ = {isa = PBXFileReference; lastKnownFileType = sourcecode.c.h; path = Standard.h; sourceTree = "<group>"; };
		25895355218147AA00A0E67E /* Info.plist */ = {isa = PBXFileReference; lastKnownFileType = text.plist.xml; path = Info.plist; sourceTree = "<group>"; };
		2589535A218147AA00A0E67E /* StandardTests.xctest */ = {isa = PBXFileReference; explicitFileType = wrapper.cfbundle; includeInIndex = 0; path = StandardTests.xctest; sourceTree = BUILT_PRODUCTS_DIR; };
		2589535F218147AA00A0E67E /* StandardTests.swift */ = {isa = PBXFileReference; lastKnownFileType = sourcecode.swift; path = StandardTests.swift; sourceTree = "<group>"; };
		25895361218147AA00A0E67E /* Info.plist */ = {isa = PBXFileReference; lastKnownFileType = text.plist.xml; path = Info.plist; sourceTree = "<group>"; };
		2589536C218147D200A0E67E /* UIView.swift */ = {isa = PBXFileReference; lastKnownFileType = sourcecode.swift; path = UIView.swift; sourceTree = "<group>"; };
		2589536E218147F700A0E67E /* UIColor+Hex.swift */ = {isa = PBXFileReference; lastKnownFileType = sourcecode.swift; path = "UIColor+Hex.swift"; sourceTree = "<group>"; };
		258953702181481900A0E67E /* UIButton.swift */ = {isa = PBXFileReference; lastKnownFileType = sourcecode.swift; path = UIButton.swift; sourceTree = "<group>"; };
		258953722181484D00A0E67E /* UIImage.swift */ = {isa = PBXFileReference; lastKnownFileType = sourcecode.swift; path = UIImage.swift; sourceTree = "<group>"; };
		258953742181487D00A0E67E /* UINavigationBar.swift */ = {isa = PBXFileReference; lastKnownFileType = sourcecode.swift; path = UINavigationBar.swift; sourceTree = "<group>"; };
		258953762181489E00A0E67E /* UITabBar.swift */ = {isa = PBXFileReference; lastKnownFileType = sourcecode.swift; path = UITabBar.swift; sourceTree = "<group>"; };
		25895378218148BF00A0E67E /* UITableView.swift */ = {isa = PBXFileReference; lastKnownFileType = sourcecode.swift; path = UITableView.swift; sourceTree = "<group>"; };
		2589537A218148F100A0E67E /* UITextField.swift */ = {isa = PBXFileReference; lastKnownFileType = sourcecode.swift; path = UITextField.swift; sourceTree = "<group>"; };
		2589537D2181491800A0E67E /* Alert.swift */ = {isa = PBXFileReference; lastKnownFileType = sourcecode.swift; path = Alert.swift; sourceTree = "<group>"; };
		2589538021814B5200A0E67E /* Debuggable.swift */ = {isa = PBXFileReference; lastKnownFileType = sourcecode.swift; path = Debuggable.swift; sourceTree = "<group>"; };
		25C418B021B6E5F300F5D860 /* Bundle.swift */ = {isa = PBXFileReference; lastKnownFileType = sourcecode.swift; path = Bundle.swift; sourceTree = "<group>"; };
		25C418B221B6E60800F5D860 /* Standard.swift */ = {isa = PBXFileReference; lastKnownFileType = sourcecode.swift; path = Standard.swift; sourceTree = "<group>"; };
		25C9974C218C599E00AD565F /* Logger.swift */ = {isa = PBXFileReference; lastKnownFileType = sourcecode.swift; path = Logger.swift; sourceTree = "<group>"; };
		25C9974E218C59CC00AD565F /* DebugDialog.swift */ = {isa = PBXFileReference; lastKnownFileType = sourcecode.swift; path = DebugDialog.swift; sourceTree = "<group>"; };
		25F1EFDB219A9DD600687C37 /* Screen.swift */ = {isa = PBXFileReference; lastKnownFileType = sourcecode.swift; path = Screen.swift; sourceTree = "<group>"; };
		25F1EFDD219AA3E500687C37 /* UIViewController.swift */ = {isa = PBXFileReference; lastKnownFileType = sourcecode.swift; path = UIViewController.swift; sourceTree = "<group>"; };
/* End PBXFileReference section */

/* Begin PBXFrameworksBuildPhase section */
		2589534E218147AA00A0E67E /* Frameworks */ = {
			isa = PBXFrameworksBuildPhase;
			buildActionMask = 2147483647;
			files = (
			);
			runOnlyForDeploymentPostprocessing = 0;
		};
		25895357218147AA00A0E67E /* Frameworks */ = {
			isa = PBXFrameworksBuildPhase;
			buildActionMask = 2147483647;
			files = (
				2589535B218147AA00A0E67E /* Standard.framework in Frameworks */,
			);
			runOnlyForDeploymentPostprocessing = 0;
		};
/* End PBXFrameworksBuildPhase section */

/* Begin PBXGroup section */
		252A99C821B5873500D28D84 /* Views */ = {
			isa = PBXGroup;
			children = (
				25570DC6219D77140046800E /* Size Classes */,
			);
			path = Views;
			sourceTree = "<group>";
		};
		25570DC6219D77140046800E /* Size Classes */ = {
			isa = PBXGroup;
			children = (
				25570DC7219D77480046800E /* SafeAreaConsideringSize.swift */,
			);
			path = "Size Classes";
			sourceTree = "<group>";
		};
		25895347218147AA00A0E67E = {
			isa = PBXGroup;
			children = (
				25895353218147AA00A0E67E /* Standard */,
				2589535E218147AA00A0E67E /* StandardTests */,
				25895352218147AA00A0E67E /* Products */,
			);
			sourceTree = "<group>";
		};
		25895352218147AA00A0E67E /* Products */ = {
			isa = PBXGroup;
			children = (
				25895351218147AA00A0E67E /* Standard.framework */,
				2589535A218147AA00A0E67E /* StandardTests.xctest */,
			);
			name = Products;
			sourceTree = "<group>";
		};
		25895353218147AA00A0E67E /* Standard */ = {
			isa = PBXGroup;
			children = (
				252A99C821B5873500D28D84 /* Views */,
				2589537F21814B4100A0E67E /* Debuggable */,
				2589537C2181490D00A0E67E /* Alert */,
				2589536B218147B500A0E67E /* Boilerplate */,
				25895354218147AA00A0E67E /* Standard.h */,
				25895355218147AA00A0E67E /* Info.plist */,
				25F1EFDB219A9DD600687C37 /* Screen.swift */,
				25C418B021B6E5F300F5D860 /* Bundle.swift */,
				25C418B221B6E60800F5D860 /* Standard.swift */,
			);
			path = Standard;
			sourceTree = "<group>";
		};
		2589535E218147AA00A0E67E /* StandardTests */ = {
			isa = PBXGroup;
			children = (
				2589535F218147AA00A0E67E /* StandardTests.swift */,
				25895361218147AA00A0E67E /* Info.plist */,
			);
			path = StandardTests;
			sourceTree = "<group>";
		};
		2589536B218147B500A0E67E /* Boilerplate */ = {
			isa = PBXGroup;
			children = (
				2589536C218147D200A0E67E /* UIView.swift */,
				2589536E218147F700A0E67E /* UIColor+Hex.swift */,
				258953702181481900A0E67E /* UIButton.swift */,
				258953722181484D00A0E67E /* UIImage.swift */,
				258953742181487D00A0E67E /* UINavigationBar.swift */,
				258953762181489E00A0E67E /* UITabBar.swift */,
				25895378218148BF00A0E67E /* UITableView.swift */,
				2589537A218148F100A0E67E /* UITextField.swift */,
				25F1EFDD219AA3E500687C37 /* UIViewController.swift */,
			);
			path = Boilerplate;
			sourceTree = "<group>";
		};
		2589537C2181490D00A0E67E /* Alert */ = {
			isa = PBXGroup;
			children = (
				2589537D2181491800A0E67E /* Alert.swift */,
			);
			path = Alert;
			sourceTree = "<group>";
		};
		2589537F21814B4100A0E67E /* Debuggable */ = {
			isa = PBXGroup;
			children = (
				2589538021814B5200A0E67E /* Debuggable.swift */,
				25C9974C218C599E00AD565F /* Logger.swift */,
				25C9974E218C59CC00AD565F /* DebugDialog.swift */,
			);
			path = Debuggable;
			sourceTree = "<group>";
		};
/* End PBXGroup section */

/* Begin PBXHeadersBuildPhase section */
		2589534C218147AA00A0E67E /* Headers */ = {
			isa = PBXHeadersBuildPhase;
			buildActionMask = 2147483647;
			files = (
				25895362218147AA00A0E67E /* Standard.h in Headers */,
			);
			runOnlyForDeploymentPostprocessing = 0;
		};
/* End PBXHeadersBuildPhase section */

/* Begin PBXNativeTarget section */
		25895350218147AA00A0E67E /* Standard */ = {
			isa = PBXNativeTarget;
			buildConfigurationList = 25895365218147AA00A0E67E /* Build configuration list for PBXNativeTarget "Standard" */;
			buildPhases = (
				2589534C218147AA00A0E67E /* Headers */,
				2589534D218147AA00A0E67E /* Sources */,
				2589534E218147AA00A0E67E /* Frameworks */,
				2589534F218147AA00A0E67E /* Resources */,
			);
			buildRules = (
			);
			dependencies = (
			);
			name = Standard;
			productName = Coeur;
			productReference = 25895351218147AA00A0E67E /* Standard.framework */;
			productType = "com.apple.product-type.framework";
		};
		25895359218147AA00A0E67E /* StandardTests */ = {
			isa = PBXNativeTarget;
			buildConfigurationList = 25895368218147AA00A0E67E /* Build configuration list for PBXNativeTarget "StandardTests" */;
			buildPhases = (
				25895356218147AA00A0E67E /* Sources */,
				25895357218147AA00A0E67E /* Frameworks */,
				25895358218147AA00A0E67E /* Resources */,
			);
			buildRules = (
			);
			dependencies = (
				2589535D218147AA00A0E67E /* PBXTargetDependency */,
			);
			name = StandardTests;
			productName = CoeurTests;
			productReference = 2589535A218147AA00A0E67E /* StandardTests.xctest */;
			productType = "com.apple.product-type.bundle.unit-test";
		};
/* End PBXNativeTarget section */

/* Begin PBXProject section */
		25895348218147AA00A0E67E /* Project object */ = {
			isa = PBXProject;
			attributes = {
				LastSwiftUpdateCheck = 1000;
				LastUpgradeCheck = 1000;
				ORGANIZATIONNAME = "Shota Shimazu";
				TargetAttributes = {
					25895350218147AA00A0E67E = {
						CreatedOnToolsVersion = 10.0;
						LastSwiftMigration = 1000;
					};
					25895359218147AA00A0E67E = {
						CreatedOnToolsVersion = 10.0;
					};
				};
			};
			buildConfigurationList = 2589534B218147AA00A0E67E /* Build configuration list for PBXProject "Standard" */;
			compatibilityVersion = "Xcode 9.3";
			developmentRegion = en;
			hasScannedForEncodings = 0;
			knownRegions = (
				en,
			);
			mainGroup = 25895347218147AA00A0E67E;
			productRefGroup = 25895352218147AA00A0E67E /* Products */;
			projectDirPath = "";
			projectRoot = "";
			targets = (
				25895350218147AA00A0E67E /* Standard */,
				25895359218147AA00A0E67E /* StandardTests */,
			);
		};
/* End PBXProject section */

/* Begin PBXResourcesBuildPhase section */
		2589534F218147AA00A0E67E /* Resources */ = {
			isa = PBXResourcesBuildPhase;
			buildActionMask = 2147483647;
			files = (
			);
			runOnlyForDeploymentPostprocessing = 0;
		};
		25895358218147AA00A0E67E /* Resources */ = {
			isa = PBXResourcesBuildPhase;
			buildActionMask = 2147483647;
			files = (
			);
			runOnlyForDeploymentPostprocessing = 0;
		};
/* End PBXResourcesBuildPhase section */

/* Begin PBXSourcesBuildPhase section */
		2589534D218147AA00A0E67E /* Sources */ = {
			isa = PBXSourcesBuildPhase;
			buildActionMask = 2147483647;
			files = (
				25F1EFDE219AA3E500687C37 /* UIViewController.swift in Sources */,
				25C418B121B6E5F300F5D860 /* Bundle.swift in Sources */,
				25570DC8219D77480046800E /* SafeAreaConsideringSize.swift in Sources */,
				2589537E2181491800A0E67E /* Alert.swift in Sources */,
				2589536D218147D200A0E67E /* UIView.swift in Sources */,
				258953732181484D00A0E67E /* UIImage.swift in Sources */,
				25C9974F218C59CC00AD565F /* DebugDialog.swift in Sources */,
				2589536F218147F700A0E67E /* UIColor+Hex.swift in Sources */,
				25C9974D218C599E00AD565F /* Logger.swift in Sources */,
				25C418B321B6E60800F5D860 /* Standard.swift in Sources */,
				2589537B218148F100A0E67E /* UITextField.swift in Sources */,
				25F1EFDC219A9DD600687C37 /* Screen.swift in Sources */,
				2589538121814B5200A0E67E /* Debuggable.swift in Sources */,
				258953712181481900A0E67E /* UIButton.swift in Sources */,
				258953752181487D00A0E67E /* UINavigationBar.swift in Sources */,
				258953772181489E00A0E67E /* UITabBar.swift in Sources */,
				25895379218148BF00A0E67E /* UITableView.swift in Sources */,
			);
			runOnlyForDeploymentPostprocessing = 0;
		};
		25895356218147AA00A0E67E /* Sources */ = {
			isa = PBXSourcesBuildPhase;
			buildActionMask = 2147483647;
			files = (
				25895360218147AA00A0E67E /* StandardTests.swift in Sources */,
			);
			runOnlyForDeploymentPostprocessing = 0;
		};
/* End PBXSourcesBuildPhase section */

/* Begin PBXTargetDependency section */
		2589535D218147AA00A0E67E /* PBXTargetDependency */ = {
			isa = PBXTargetDependency;
			target = 25895350218147AA00A0E67E /* Standard */;
			targetProxy = 2589535C218147AA00A0E67E /* PBXContainerItemProxy */;
		};
/* End PBXTargetDependency section */

/* Begin XCBuildConfiguration section */
		25895363218147AA00A0E67E /* Debug */ = {
			isa = XCBuildConfiguration;
			buildSettings = {
				ALWAYS_SEARCH_USER_PATHS = NO;
				CLANG_ANALYZER_NONNULL = YES;
				CLANG_ANALYZER_NUMBER_OBJECT_CONVERSION = YES_AGGRESSIVE;
				CLANG_CXX_LANGUAGE_STANDARD = "gnu++14";
				CLANG_CXX_LIBRARY = "libc++";
				CLANG_ENABLE_MODULES = YES;
				CLANG_ENABLE_OBJC_ARC = YES;
				CLANG_ENABLE_OBJC_WEAK = YES;
				CLANG_WARN_BLOCK_CAPTURE_AUTORELEASING = YES;
				CLANG_WARN_BOOL_CONVERSION = YES;
				CLANG_WARN_COMMA = YES;
				CLANG_WARN_CONSTANT_CONVERSION = YES;
				CLANG_WARN_DEPRECATED_OBJC_IMPLEMENTATIONS = YES;
				CLANG_WARN_DIRECT_OBJC_ISA_USAGE = YES_ERROR;
				CLANG_WARN_DOCUMENTATION_COMMENTS = YES;
				CLANG_WARN_EMPTY_BODY = YES;
				CLANG_WARN_ENUM_CONVERSION = YES;
				CLANG_WARN_INFINITE_RECURSION = YES;
				CLANG_WARN_INT_CONVERSION = YES;
				CLANG_WARN_NON_LITERAL_NULL_CONVERSION = YES;
				CLANG_WARN_OBJC_IMPLICIT_RETAIN_SELF = YES;
				CLANG_WARN_OBJC_LITERAL_CONVERSION = YES;
				CLANG_WARN_OBJC_ROOT_CLASS = YES_ERROR;
				CLANG_WARN_RANGE_LOOP_ANALYSIS = YES;
				CLANG_WARN_STRICT_PROTOTYPES = YES;
				CLANG_WARN_SUSPICIOUS_MOVE = YES;
				CLANG_WARN_UNGUARDED_AVAILABILITY = YES_AGGRESSIVE;
				CLANG_WARN_UNREACHABLE_CODE = YES;
				CLANG_WARN__DUPLICATE_METHOD_MATCH = YES;
				CODE_SIGN_IDENTITY = "iPhone Developer";
				COPY_PHASE_STRIP = NO;
				CURRENT_PROJECT_VERSION = 1;
				DEBUG_INFORMATION_FORMAT = dwarf;
				ENABLE_STRICT_OBJC_MSGSEND = YES;
				ENABLE_TESTABILITY = YES;
				GCC_C_LANGUAGE_STANDARD = gnu11;
				GCC_DYNAMIC_NO_PIC = NO;
				GCC_NO_COMMON_BLOCKS = YES;
				GCC_OPTIMIZATION_LEVEL = 0;
				GCC_PREPROCESSOR_DEFINITIONS = (
					"DEBUG=1",
					"$(inherited)",
				);
				GCC_WARN_64_TO_32_BIT_CONVERSION = YES;
				GCC_WARN_ABOUT_RETURN_TYPE = YES_ERROR;
				GCC_WARN_UNDECLARED_SELECTOR = YES;
				GCC_WARN_UNINITIALIZED_AUTOS = YES_AGGRESSIVE;
				GCC_WARN_UNUSED_FUNCTION = YES;
				GCC_WARN_UNUSED_VARIABLE = YES;
				IPHONEOS_DEPLOYMENT_TARGET = 12.0;
				MTL_ENABLE_DEBUG_INFO = INCLUDE_SOURCE;
				MTL_FAST_MATH = YES;
				ONLY_ACTIVE_ARCH = YES;
				SDKROOT = iphoneos;
				SWIFT_ACTIVE_COMPILATION_CONDITIONS = DEBUG;
				SWIFT_OPTIMIZATION_LEVEL = "-Onone";
				VERSIONING_SYSTEM = "apple-generic";
				VERSION_INFO_PREFIX = "";
			};
			name = Debug;
		};
		25895364218147AA00A0E67E /* Release */ = {
			isa = XCBuildConfiguration;
			buildSettings = {
				ALWAYS_SEARCH_USER_PATHS = NO;
				CLANG_ANALYZER_NONNULL = YES;
				CLANG_ANALYZER_NUMBER_OBJECT_CONVERSION = YES_AGGRESSIVE;
				CLANG_CXX_LANGUAGE_STANDARD = "gnu++14";
				CLANG_CXX_LIBRARY = "libc++";
				CLANG_ENABLE_MODULES = YES;
				CLANG_ENABLE_OBJC_ARC = YES;
				CLANG_ENABLE_OBJC_WEAK = YES;
				CLANG_WARN_BLOCK_CAPTURE_AUTORELEASING = YES;
				CLANG_WARN_BOOL_CONVERSION = YES;
				CLANG_WARN_COMMA = YES;
				CLANG_WARN_CONSTANT_CONVERSION = YES;
				CLANG_WARN_DEPRECATED_OBJC_IMPLEMENTATIONS = YES;
				CLANG_WARN_DIRECT_OBJC_ISA_USAGE = YES_ERROR;
				CLANG_WARN_DOCUMENTATION_COMMENTS = YES;
				CLANG_WARN_EMPTY_BODY = YES;
				CLANG_WARN_ENUM_CONVERSION = YES;
				CLANG_WARN_INFINITE_RECURSION = YES;
				CLANG_WARN_INT_CONVERSION = YES;
				CLANG_WARN_NON_LITERAL_NULL_CONVERSION = YES;
				CLANG_WARN_OBJC_IMPLICIT_RETAIN_SELF = YES;
				CLANG_WARN_OBJC_LITERAL_CONVERSION = YES;
				CLANG_WARN_OBJC_ROOT_CLASS = YES_ERROR;
				CLANG_WARN_RANGE_LOOP_ANALYSIS = YES;
				CLANG_WARN_STRICT_PROTOTYPES = YES;
				CLANG_WARN_SUSPICIOUS_MOVE = YES;
				CLANG_WARN_UNGUARDED_AVAILABILITY = YES_AGGRESSIVE;
				CLANG_WARN_UNREACHABLE_CODE = YES;
				CLANG_WARN__DUPLICATE_METHOD_MATCH = YES;
				CODE_SIGN_IDENTITY = "iPhone Developer";
				COPY_PHASE_STRIP = NO;
				CURRENT_PROJECT_VERSION = 1;
				DEBUG_INFORMATION_FORMAT = "dwarf-with-dsym";
				ENABLE_NS_ASSERTIONS = NO;
				ENABLE_STRICT_OBJC_MSGSEND = YES;
				GCC_C_LANGUAGE_STANDARD = gnu11;
				GCC_NO_COMMON_BLOCKS = YES;
				GCC_WARN_64_TO_32_BIT_CONVERSION = YES;
				GCC_WARN_ABOUT_RETURN_TYPE = YES_ERROR;
				GCC_WARN_UNDECLARED_SELECTOR = YES;
				GCC_WARN_UNINITIALIZED_AUTOS = YES_AGGRESSIVE;
				GCC_WARN_UNUSED_FUNCTION = YES;
				GCC_WARN_UNUSED_VARIABLE = YES;
				IPHONEOS_DEPLOYMENT_TARGET = 12.0;
				MTL_ENABLE_DEBUG_INFO = NO;
				MTL_FAST_MATH = YES;
				SDKROOT = iphoneos;
				SWIFT_COMPILATION_MODE = wholemodule;
				SWIFT_OPTIMIZATION_LEVEL = "-O";
				VALIDATE_PRODUCT = YES;
				VERSIONING_SYSTEM = "apple-generic";
				VERSION_INFO_PREFIX = "";
			};
			name = Release;
		};
		25895366218147AA00A0E67E /* Debug */ = {
			isa = XCBuildConfiguration;
			buildSettings = {
				CLANG_ENABLE_MODULES = YES;
				CODE_SIGN_IDENTITY = "";
				CODE_SIGN_STYLE = Automatic;
				DEFINES_MODULE = YES;
				DEVELOPMENT_TEAM = 8T4P9D4TB2;
				DYLIB_COMPATIBILITY_VERSION = 1;
				DYLIB_CURRENT_VERSION = 1;
				DYLIB_INSTALL_NAME_BASE = "@rpath";
				INFOPLIST_FILE = "$(SRCROOT)/Standard/Info.plist";
				INSTALL_PATH = "$(LOCAL_LIBRARY_DIR)/Frameworks";
				IPHONEOS_DEPLOYMENT_TARGET = 10.0;
				LD_RUNPATH_SEARCH_PATHS = (
					"$(inherited)",
					"@executable_path/Frameworks",
					"@loader_path/Frameworks",
				);
				PRODUCT_BUNDLE_IDENTIFIER = com.shotastage.Standard;
				PRODUCT_NAME = "$(TARGET_NAME:c99extidentifier)";
				SKIP_INSTALL = YES;
				SWIFT_OPTIMIZATION_LEVEL = "-Onone";
				SWIFT_VERSION = 4.2;
				TARGETED_DEVICE_FAMILY = "1,2";
			};
			name = Debug;
		};
		25895367218147AA00A0E67E /* Release */ = {
			isa = XCBuildConfiguration;
			buildSettings = {
				CLANG_ENABLE_MODULES = YES;
				CODE_SIGN_IDENTITY = "";
				CODE_SIGN_STYLE = Automatic;
				DEFINES_MODULE = YES;
				DEVELOPMENT_TEAM = 8T4P9D4TB2;
				DYLIB_COMPATIBILITY_VERSION = 1;
				DYLIB_CURRENT_VERSION = 1;
				DYLIB_INSTALL_NAME_BASE = "@rpath";
				INFOPLIST_FILE = "$(SRCROOT)/Standard/Info.plist";
				INSTALL_PATH = "$(LOCAL_LIBRARY_DIR)/Frameworks";
				IPHONEOS_DEPLOYMENT_TARGET = 10.0;
				LD_RUNPATH_SEARCH_PATHS = (
					"$(inherited)",
					"@executable_path/Frameworks",
					"@loader_path/Frameworks",
				);
				PRODUCT_BUNDLE_IDENTIFIER = com.shotastage.Standard;
				PRODUCT_NAME = "$(TARGET_NAME:c99extidentifier)";
				SKIP_INSTALL = YES;
				SWIFT_VERSION = 4.2;
				TARGETED_DEVICE_FAMILY = "1,2";
			};
			name = Release;
		};
		25895369218147AA00A0E67E /* Debug */ = {
			isa = XCBuildConfiguration;
			buildSettings = {
				ALWAYS_EMBED_SWIFT_STANDARD_LIBRARIES = YES;
				CODE_SIGN_STYLE = Automatic;
				DEVELOPMENT_TEAM = 8T4P9D4TB2;
				INFOPLIST_FILE = StandardTests/Info.plist;
				LD_RUNPATH_SEARCH_PATHS = (
					"$(inherited)",
					"@executable_path/Frameworks",
					"@loader_path/Frameworks",
				);
				PRODUCT_BUNDLE_IDENTIFIER = com.shotastage.StandardTests;
				PRODUCT_NAME = "$(TARGET_NAME)";
				SWIFT_VERSION = 4.2;
				TARGETED_DEVICE_FAMILY = "1,2";
			};
			name = Debug;
		};
		2589536A218147AA00A0E67E /* Release */ = {
			isa = XCBuildConfiguration;
			buildSettings = {
				ALWAYS_EMBED_SWIFT_STANDARD_LIBRARIES = YES;
				CODE_SIGN_STYLE = Automatic;
				DEVELOPMENT_TEAM = 8T4P9D4TB2;
				INFOPLIST_FILE = StandardTests/Info.plist;
				LD_RUNPATH_SEARCH_PATHS = (
					"$(inherited)",
					"@executable_path/Frameworks",
					"@loader_path/Frameworks",
				);
				PRODUCT_BUNDLE_IDENTIFIER = com.shotastage.StandardTests;
				PRODUCT_NAME = "$(TARGET_NAME)";
				SWIFT_VERSION = 4.2;
				TARGETED_DEVICE_FAMILY = "1,2";
			};
			name = Release;
		};
/* End XCBuildConfiguration section */

/* Begin XCConfigurationList section */
		2589534B218147AA00A0E67E /* Build configuration list for PBXProject "Standard" */ = {
			isa = XCConfigurationList;
			buildConfigurations = (
				25895363218147AA00A0E67E /* Debug */,
				25895364218147AA00A0E67E /* Release */,
			);
			defaultConfigurationIsVisible = 0;
			defaultConfigurationName = Release;
		};
		25895365218147AA00A0E67E /* Build configuration list for PBXNativeTarget "Standard" */ = {
			isa = XCConfigurationList;
			buildConfigurations = (
				25895366218147AA00A0E67E /* Debug */,
				25895367218147AA00A0E67E /* Release */,
			);
			defaultConfigurationIsVisible = 0;
			defaultConfigurationName = Release;
		};
		25895368218147AA00A0E67E /* Build configuration list for PBXNativeTarget "StandardTests" */ = {
			isa = XCConfigurationList;
			buildConfigurations = (
				25895369218147AA00A0E67E /* Debug */,
				2589536A218147AA00A0E67E /* Release */,
			);
			defaultConfigurationIsVisible = 0;
			defaultConfigurationName = Release;
		};
/* End XCConfigurationList section */
	};
	rootObject = 25895348218147AA00A0E67E /* Project object */;
}
